
Microsoft Visual Studio Solution File, Format Version 12.00
# Visual Studio Version 17
VisualStudioVersion = 17.3.32825.248
MinimumVisualStudioVersion = 10.0.40219.1
Project("{FAE04EC0-301F-11D3-BF4B-00C04F79EFBC}") = "ExcelExtractorDotNet", "ExcelExtractorDotNet\ExcelExtractorDotNet.csproj", "{A03F2F0C-706F-4275-ACBA-A12C8DDD6B21}"
EndProject
Global
	GlobalSection(SolutionConfigurationPlatforms) = preSolution
		Debug|Any CPU = Debug|Any CPU
		Release|Any CPU = Release|Any CPU
	EndGlobalSection
	GlobalSection(ProjectConfigurationPlatforms) = postSolution
		{A03F2F0C-706F-4275-ACBA-A12C8DDD6B21}.Debug|Any CPU.ActiveCfg = Debug|Any CPU
		{A03F2F0C-706F-4275-ACBA-A12C8DDD6B21}.Debug|Any CPU.Build.0 = Debug|Any CPU
		{A03F2F0C-706F-4275-ACBA-A12C8DDD6B21}.Release|Any CPU.ActiveCfg = Release|Any CPU
		{A03F2F0C-706F-4275-ACBA-A12C8DDD6B21}.Release|Any CPU.Build.0 = Release|Any CPU
	EndGlobalSection
	GlobalSection(SolutionProperties) = preSolution
		HideSolutionNode = FALSE
	EndGlobalSection
	GlobalSection(ExtensibilityGlobals) = postSolution
		SolutionGuid = {79B55650-25AA-46CA-BE1E-1F5D7CCDD69E}
	EndGlobalSection
EndGlobal
